
Microsoft Visual Studio Solution File, Format Version 12.00
# Visual Studio Version 17
VisualStudioVersion = 17.4.33213.308
MinimumVisualStudioVersion = 10.0.40219.1
Project("{9A19103F-16F7-4668-BE54-9A1E7A4F7556}") = "DataAccess", "DataAccess\DataAccess.csproj", "{B0D08E04-C453-48A4-B19D-B02B9238BFBA}"
EndProject
Project("{9A19103F-16F7-4668-BE54-9A1E7A4F7556}") = "Entities", "Entities\Entities.csproj", "{C9F75E2D-968B-4503-A4A8-E4039F1F9662}"
EndProject
Project("{9A19103F-16F7-4668-BE54-9A1E7A4F7556}") = "Business", "Business\Business.csproj", "{E5C33EA0-B1FE-4558-AF0A-5F9B8998FC03}"
EndProject
Project("{9A19103F-16F7-4668-BE54-9A1E7A4F7556}") = "ConsoleUI", "ConsoleUI\ConsoleUI.csproj", "{B73FAE46-09ED-4AA2-823D-8EB308A44362}"
EndProject
Project("{9A19103F-16F7-4668-BE54-9A1E7A4F7556}") = "Core", "Core\Core.csproj", "{2B63B7A8-173D-4BA3-BF3B-7E7A67BFDB2F}"
EndProject
Global
	GlobalSection(SolutionConfigurationPlatforms) = preSolution
		Debug|Any CPU = Debug|Any CPU
		Release|Any CPU = Release|Any CPU
	EndGlobalSection
	GlobalSection(ProjectConfigurationPlatforms) = postSolution
		{B0D08E04-C453-48A4-B19D-B02B9238BFBA}.Debug|Any CPU.ActiveCfg = Debug|Any CPU
		{B0D08E04-C453-48A4-B19D-B02B9238BFBA}.Debug|Any CPU.Build.0 = Debug|Any CPU
		{B0D08E04-C453-48A4-B19D-B02B9238BFBA}.Release|Any CPU.ActiveCfg = Release|Any CPU
		{B0D08E04-C453-48A4-B19D-B02B9238BFBA}.Release|Any CPU.Build.0 = Release|Any CPU
		{C9F75E2D-968B-4503-A4A8-E4039F1F9662}.Debug|Any CPU.ActiveCfg = Debug|Any CPU
		{C9F75E2D-968B-4503-A4A8-E4039F1F9662}.Debug|Any CPU.Build.0 = Debug|Any CPU
		{C9F75E2D-968B-4503-A4A8-E4039F1F9662}.Release|Any CPU.ActiveCfg = Release|Any CPU
		{C9F75E2D-968B-4503-A4A8-E4039F1F9662}.Release|Any CPU.Build.0 = Release|Any CPU
		{E5C33EA0-B1FE-4558-AF0A-5F9B8998FC03}.Debug|Any CPU.ActiveCfg = Debug|Any CPU
		{E5C33EA0-B1FE-4558-AF0A-5F9B8998FC03}.Debug|Any CPU.Build.0 = Debug|Any CPU
		{E5C33EA0-B1FE-4558-AF0A-5F9B8998FC03}.Release|Any CPU.ActiveCfg = Release|Any CPU
		{E5C33EA0-B1FE-4558-AF0A-5F9B8998FC03}.Release|Any CPU.Build.0 = Release|Any CPU
		{B73FAE46-09ED-4AA2-823D-8EB308A44362}.Debug|Any CPU.ActiveCfg = Debug|Any CPU
		{B73FAE46-09ED-4AA2-823D-8EB308A44362}.Debug|Any CPU.Build.0 = Debug|Any CPU
		{B73FAE46-09ED-4AA2-823D-8EB308A44362}.Release|Any CPU.ActiveCfg = Release|Any CPU
		{B73FAE46-09ED-4AA2-823D-8EB308A44362}.Release|Any CPU.Build.0 = Release|Any CPU
		{2B63B7A8-173D-4BA3-BF3B-7E7A67BFDB2F}.Debug|Any CPU.ActiveCfg = Debug|Any CPU
		{2B63B7A8-173D-4BA3-BF3B-7E7A67BFDB2F}.Debug|Any CPU.Build.0 = Debug|Any CPU
		{2B63B7A8-173D-4BA3-BF3B-7E7A67BFDB2F}.Release|Any CPU.ActiveCfg = Release|Any CPU
		{2B63B7A8-173D-4BA3-BF3B-7E7A67BFDB2F}.Release|Any CPU.Build.0 = Release|Any CPU
	EndGlobalSection
	GlobalSection(SolutionProperties) = preSolution
		HideSolutionNode = FALSE
	EndGlobalSection
	GlobalSection(ExtensibilityGlobals) = postSolution
		SolutionGuid = {CB8B97AA-F2C0-4CED-B5E2-D48179724513}
	EndGlobalSection
EndGlobal
